// !$*UTF8*$!
{
	archiveVersion = 1;
	classes = {
	};
	objectVersion = 55;
	objects = {

/* Begin PBXBuildFile section */
		A9CBA4A728CD669A004AA96D /* AppDelegate.swift in Sources */ = {isa = PBXBuildFile; fileRef = A9CBA4A628CD669A004AA96D /* AppDelegate.swift */; };
		A9CBA4A928CD669A004AA96D /* SceneDelegate.swift in Sources */ = {isa = PBXBuildFile; fileRef = A9CBA4A828CD669A004AA96D /* SceneDelegate.swift */; };
		A9CBA4AB28CD669A004AA96D /* ViewController.swift in Sources */ = {isa = PBXBuildFile; fileRef = A9CBA4AA28CD669A004AA96D /* ViewController.swift */; };
		A9CBA4AE28CD669A004AA96D /* Main.storyboard in Resources */ = {isa = PBXBuildFile; fileRef = A9CBA4AC28CD669A004AA96D /* Main.storyboard */; };
		A9CBA4B028CD669B004AA96D /* Assets.xcassets in Resources */ = {isa = PBXBuildFile; fileRef = A9CBA4AF28CD669B004AA96D /* Assets.xcassets */; };
		A9CBA4B328CD669B004AA96D /* LaunchScreen.storyboard in Resources */ = {isa = PBXBuildFile; fileRef = A9CBA4B128CD669B004AA96D /* LaunchScreen.storyboard */; };
		A9CBA4BE28CD669B004AA96D /* LightTests.swift in Sources */ = {isa = PBXBuildFile; fileRef = A9CBA4BD28CD669B004AA96D /* LightTests.swift */; };
		A9CBA4C828CD669B004AA96D /* LightUITests.swift in Sources */ = {isa = PBXBuildFile; fileRef = A9CBA4C728CD669B004AA96D /* LightUITests.swift */; };
		A9CBA4CA28CD669B004AA96D /* LightUITestsLaunchTests.swift in Sources */ = {isa = PBXBuildFile; fileRef = A9CBA4C928CD669B004AA96D /* LightUITestsLaunchTests.swift */; };
/* End PBXBuildFile section */

/* Begin PBXContainerItemProxy section */
		A9CBA4BA28CD669B004AA96D /* PBXContainerItemProxy */ = {
			isa = PBXContainerItemProxy;
			containerPortal = A9CBA49B28CD669A004AA96D /* Project object */;
			proxyType = 1;
			remoteGlobalIDString = A9CBA4A228CD669A004AA96D;
			remoteInfo = Light;
		};
		A9CBA4C428CD669B004AA96D /* PBXContainerItemProxy */ = {
			isa = PBXContainerItemProxy;
			containerPortal = A9CBA49B28CD669A004AA96D /* Project object */;
			proxyType = 1;
			remoteGlobalIDString = A9CBA4A228CD669A004AA96D;
			remoteInfo = Light;
		};
/* End PBXContainerItemProxy section */

/* Begin PBXFileReference section */
		A9CBA4A328CD669A004AA96D /* Light.app */ = {isa = PBXFileReference; explicitFileType = wrapper.application; includeInIndex = 0; path = Light.app; sourceTree = BUILT_PRODUCTS_DIR; };
		A9CBA4A628CD669A004AA96D /* AppDelegate.swift */ = {isa = PBXFileReference; lastKnownFileType = sourcecode.swift; path = AppDelegate.swift; sourceTree = "<group>"; };
		A9CBA4A828CD669A004AA96D /* SceneDelegate.swift */ = {isa = PBXFileReference; lastKnownFileType = sourcecode.swift; path = SceneDelegate.swift; sourceTree = "<group>"; };
		A9CBA4AA28CD669A004AA96D /* ViewController.swift */ = {isa = PBXFileReference; lastKnownFileType = sourcecode.swift; path = ViewController.swift; sourceTree = "<group>"; };
		A9CBA4AD28CD669A004AA96D /* Base */ = {isa = PBXFileReference; lastKnownFileType = file.storyboard; name = Base; path = Base.lproj/Main.storyboard; sourceTree = "<group>"; };
		A9CBA4AF28CD669B004AA96D /* Assets.xcassets */ = {isa = PBXFileReference; lastKnownFileType = folder.assetcatalog; path = Assets.xcassets; sourceTree = "<group>"; };
		A9CBA4B228CD669B004AA96D /* Base */ = {isa = PBXFileReference; lastKnownFileType = file.storyboard; name = Base; path = Base.lproj/LaunchScreen.storyboard; sourceTree = "<group>"; };
		A9CBA4B428CD669B004AA96D /* Info.plist */ = {isa = PBXFileReference; lastKnownFileType = text.plist.xml; path = Info.plist; sourceTree = "<group>"; };
		A9CBA4B928CD669B004AA96D /* LightTests.xctest */ = {isa = PBXFileReference; explicitFileType = wrapper.cfbundle; includeInIndex = 0; path = LightTests.xctest; sourceTree = BUILT_PRODUCTS_DIR; };
		A9CBA4BD28CD669B004AA96D /* LightTests.swift */ = {isa = PBXFileReference; lastKnownFileType = sourcecode.swift; path = LightTests.swift; sourceTree = "<group>"; };
		A9CBA4C328CD669B004AA96D /* LightUITests.xctest */ = {isa = PBXFileReference; explicitFileType = wrapper.cfbundle; includeInIndex = 0; path = LightUITests.xctest; sourceTree = BUILT_PRODUCTS_DIR; };
		A9CBA4C728CD669B004AA96D /* LightUITests.swift */ = {isa = PBXFileReference; lastKnownFileType = sourcecode.swift; path = LightUITests.swift; sourceTree = "<group>"; };
		A9CBA4C928CD669B004AA96D /* LightUITestsLaunchTests.swift */ = {isa = PBXFileReference; lastKnownFileType = sourcecode.swift; path = LightUITestsLaunchTests.swift; sourceTree = "<group>"; };
/* End PBXFileReference section */

/* Begin PBXFrameworksBuildPhase section */
		A9CBA4A028CD669A004AA96D /* Frameworks */ = {
			isa = PBXFrameworksBuildPhase;
			buildActionMask = 2147483647;
			files = (
			);
			runOnlyForDeploymentPostprocessing = 0;
		};
		A9CBA4B628CD669B004AA96D /* Frameworks */ = {
			isa = PBXFrameworksBuildPhase;
			buildActionMask = 2147483647;
			files = (
			);
			runOnlyForDeploymentPostprocessing = 0;
		};
		A9CBA4C028CD669B004AA96D /* Frameworks */ = {
			isa = PBXFrameworksBuildPhase;
			buildActionMask = 2147483647;
			files = (
			);
			runOnlyForDeploymentPostprocessing = 0;
		};
/* End PBXFrameworksBuildPhase section */

/* Begin PBXGroup section */
		A9CBA49A28CD669A004AA96D = {
			isa = PBXGroup;
			children = (
				A9CBA4A528CD669A004AA96D /* Light */,
				A9CBA4BC28CD669B004AA96D /* LightTests */,
				A9CBA4C628CD669B004AA96D /* LightUITests */,
				A9CBA4A428CD669A004AA96D /* Products */,
			);
			sourceTree = "<group>";
		};
		A9CBA4A428CD669A004AA96D /* Products */ = {
			isa = PBXGroup;
			children = (
				A9CBA4A328CD669A004AA96D /* Light.app */,
				A9CBA4B928CD669B004AA96D /* LightTests.xctest */,
				A9CBA4C328CD669B004AA96D /* LightUITests.xctest */,
			);
			name = Products;
			sourceTree = "<group>";
		};
		A9CBA4A528CD669A004AA96D /* Light */ = {
			isa = PBXGroup;
			children = (
				A9CBA4A628CD669A004AA96D /* AppDelegate.swift */,
				A9CBA4A828CD669A004AA96D /* SceneDelegate.swift */,
				A9CBA4AA28CD669A004AA96D /* ViewController.swift */,
				A9CBA4AC28CD669A004AA96D /* Main.storyboard */,
				A9CBA4AF28CD669B004AA96D /* Assets.xcassets */,
				A9CBA4B128CD669B004AA96D /* LaunchScreen.storyboard */,
				A9CBA4B428CD669B004AA96D /* Info.plist */,
			);
			path = Light;
			sourceTree = "<group>";
		};
		A9CBA4BC28CD669B004AA96D /* LightTests */ = {
			isa = PBXGroup;
			children = (
				A9CBA4BD28CD669B004AA96D /* LightTests.swift */,
			);
			path = LightTests;
			sourceTree = "<group>";
		};
		A9CBA4C628CD669B004AA96D /* LightUITests */ = {
			isa = PBXGroup;
			children = (
				A9CBA4C728CD669B004AA96D /* LightUITests.swift */,
				A9CBA4C928CD669B004AA96D /* LightUITestsLaunchTests.swift */,
			);
			path = LightUITests;
			sourceTree = "<group>";
		};
/* End PBXGroup section */

/* Begin PBXNativeTarget section */
		A9CBA4A228CD669A004AA96D /* Light */ = {
			isa = PBXNativeTarget;
			buildConfigurationList = A9CBA4CD28CD669B004AA96D /* Build configuration list for PBXNativeTarget "Light" */;
			buildPhases = (
				A9CBA49F28CD669A004AA96D /* Sources */,
				A9CBA4A028CD669A004AA96D /* Frameworks */,
				A9CBA4A128CD669A004AA96D /* Resources */,
			);
			buildRules = (
			);
			dependencies = (
			);
			name = Light;
			productName = Light;
			productReference = A9CBA4A328CD669A004AA96D /* Light.app */;
			productType = "com.apple.product-type.application";
		};
		A9CBA4B828CD669B004AA96D /* LightTests */ = {
			isa = PBXNativeTarget;
			buildConfigurationList = A9CBA4D028CD669B004AA96D /* Build configuration list for PBXNativeTarget "LightTests" */;
			buildPhases = (
				A9CBA4B528CD669B004AA96D /* Sources */,
				A9CBA4B628CD669B004AA96D /* Frameworks */,
				A9CBA4B728CD669B004AA96D /* Resources */,
			);
			buildRules = (
			);
			dependencies = (
				A9CBA4BB28CD669B004AA96D /* PBXTargetDependency */,
			);
			name = LightTests;
			productName = LightTests;
			productReference = A9CBA4B928CD669B004AA96D /* LightTests.xctest */;
			productType = "com.apple.product-type.bundle.unit-test";
		};
		A9CBA4C228CD669B004AA96D /* LightUITests */ = {
			isa = PBXNativeTarget;
			buildConfigurationList = A9CBA4D328CD669B004AA96D /* Build configuration list for PBXNativeTarget "LightUITests" */;
			buildPhases = (
				A9CBA4BF28CD669B004AA96D /* Sources */,
				A9CBA4C028CD669B004AA96D /* Frameworks */,
				A9CBA4C128CD669B004AA96D /* Resources */,
			);
			buildRules = (
			);
			dependencies = (
				A9CBA4C528CD669B004AA96D /* PBXTargetDependency */,
			);
			name = LightUITests;
			productName = LightUITests;
			productReference = A9CBA4C328CD669B004AA96D /* LightUITests.xctest */;
			productType = "com.apple.product-type.bundle.ui-testing";
		};
/* End PBXNativeTarget section */

/* Begin PBXProject section */
		A9CBA49B28CD669A004AA96D /* Project object */ = {
			isa = PBXProject;
			attributes = {
				BuildIndependentTargetsInParallel = 1;
				LastSwiftUpdateCheck = 1340;
				LastUpgradeCheck = 1340;
				TargetAttributes = {
					A9CBA4A228CD669A004AA96D = {
						CreatedOnToolsVersion = 13.4.1;
					};
					A9CBA4B828CD669B004AA96D = {
						CreatedOnToolsVersion = 13.4.1;
						TestTargetID = A9CBA4A228CD669A004AA96D;
					};
					A9CBA4C228CD669B004AA96D = {
						CreatedOnToolsVersion = 13.4.1;
						TestTargetID = A9CBA4A228CD669A004AA96D;
					};
				};
			};
			buildConfigurationList = A9CBA49E28CD669A004AA96D /* Build configuration list for PBXProject "Light" */;
			compatibilityVersion = "Xcode 13.0";
			developmentRegion = en;
			hasScannedForEncodings = 0;
			knownRegions = (
				en,
				Base,
			);
			mainGroup = A9CBA49A28CD669A004AA96D;
			productRefGroup = A9CBA4A428CD669A004AA96D /* Products */;
			projectDirPath = "";
			projectRoot = "";
			targets = (
				A9CBA4A228CD669A004AA96D /* Light */,
				A9CBA4B828CD669B004AA96D /* LightTests */,
				A9CBA4C228CD669B004AA96D /* LightUITests */,
			);
		};
/* End PBXProject section */

/* Begin PBXResourcesBuildPhase section */
		A9CBA4A128CD669A004AA96D /* Resources */ = {
			isa = PBXResourcesBuildPhase;
			buildActionMask = 2147483647;
			files = (
				A9CBA4B328CD669B004AA96D /* LaunchScreen.storyboard in Resources */,
				A9CBA4B028CD669B004AA96D /* Assets.xcassets in Resources */,
				A9CBA4AE28CD669A004AA96D /* Main.storyboard in Resources */,
			);
			runOnlyForDeploymentPostprocessing = 0;
		};
		A9CBA4B728CD669B004AA96D /* Resources */ = {
			isa = PBXResourcesBuildPhase;
			buildActionMask = 2147483647;
			files = (
			);
			runOnlyForDeploymentPostprocessing = 0;
		};
		A9CBA4C128CD669B004AA96D /* Resources */ = {
			isa = PBXResourcesBuildPhase;
			buildActionMask = 2147483647;
			files = (
			);
			runOnlyForDeploymentPostprocessing = 0;
		};
/* End PBXResourcesBuildPhase section */

/* Begin PBXSourcesBuildPhase section */
		A9CBA49F28CD669A004AA96D /* Sources */ = {
			isa = PBXSourcesBuildPhase;
			buildActionMask = 2147483647;
			files = (
				A9CBA4AB28CD669A004AA96D /* ViewController.swift in Sources */,
				A9CBA4A728CD669A004AA96D /* AppDelegate.swift in Sources */,
				A9CBA4A928CD669A004AA96D /* SceneDelegate.swift in Sources */,
			);
			runOnlyForDeploymentPostprocessing = 0;
		};
		A9CBA4B528CD669B004AA96D /* Sources */ = {
			isa = PBXSourcesBuildPhase;
			buildActionMask = 2147483647;
			files = (
				A9CBA4BE28CD669B004AA96D /* LightTests.swift in Sources */,
			);
			runOnlyForDeploymentPostprocessing = 0;
		};
		A9CBA4BF28CD669B004AA96D /* Sources */ = {
			isa = PBXSourcesBuildPhase;
			buildActionMask = 2147483647;
			files = (
				A9CBA4C828CD669B004AA96D /* LightUITests.swift in Sources */,
				A9CBA4CA28CD669B004AA96D /* LightUITestsLaunchTests.swift in Sources */,
			);
			runOnlyForDeploymentPostprocessing = 0;
		};
/* End PBXSourcesBuildPhase section */

/* Begin PBXTargetDependency section */
		A9CBA4BB28CD669B004AA96D /* PBXTargetDependency */ = {
			isa = PBXTargetDependency;
			target = A9CBA4A228CD669A004AA96D /* Light */;
			targetProxy = A9CBA4BA28CD669B004AA96D /* PBXContainerItemProxy */;
		};
		A9CBA4C528CD669B004AA96D /* PBXTargetDependency */ = {
			isa = PBXTargetDependency;
			target = A9CBA4A228CD669A004AA96D /* Light */;
			targetProxy = A9CBA4C428CD669B004AA96D /* PBXContainerItemProxy */;
		};
/* End PBXTargetDependency section */

/* Begin PBXVariantGroup section */
		A9CBA4AC28CD669A004AA96D /* Main.storyboard */ = {
			isa = PBXVariantGroup;
			children = (
				A9CBA4AD28CD669A004AA96D /* Base */,
			);
			name = Main.storyboard;
			sourceTree = "<group>";
		};
		A9CBA4B128CD669B004AA96D /* LaunchScreen.storyboard */ = {
			isa = PBXVariantGroup;
			children = (
				A9CBA4B228CD669B004AA96D /* Base */,
			);
			name = LaunchScreen.storyboard;
			sourceTree = "<group>";
		};
/* End PBXVariantGroup section */

/* Begin XCBuildConfiguration section */
		A9CBA4CB28CD669B004AA96D /* Debug */ = {
			isa = XCBuildConfiguration;
			buildSettings = {
				ALWAYS_SEARCH_USER_PATHS = NO;
				CLANG_ANALYZER_NONNULL = YES;
				CLANG_ANALYZER_NUMBER_OBJECT_CONVERSION = YES_AGGRESSIVE;
				CLANG_CXX_LANGUAGE_STANDARD = "gnu++17";
				CLANG_ENABLE_MODULES = YES;
				CLANG_ENABLE_OBJC_ARC = YES;
				CLANG_ENABLE_OBJC_WEAK = YES;
				CLANG_WARN_BLOCK_CAPTURE_AUTORELEASING = YES;
				CLANG_WARN_BOOL_CONVERSION = YES;
				CLANG_WARN_COMMA = YES;
				CLANG_WARN_CONSTANT_CONVERSION = YES;
				CLANG_WARN_DEPRECATED_OBJC_IMPLEMENTATIONS = YES;
				CLANG_WARN_DIRECT_OBJC_ISA_USAGE = YES_ERROR;
				CLANG_WARN_DOCUMENTATION_COMMENTS = YES;
				CLANG_WARN_EMPTY_BODY = YES;
				CLANG_WARN_ENUM_CONVERSION = YES;
				CLANG_WARN_INFINITE_RECURSION = YES;
				CLANG_WARN_INT_CONVERSION = YES;
				CLANG_WARN_NON_LITERAL_NULL_CONVERSION = YES;
				CLANG_WARN_OBJC_IMPLICIT_RETAIN_SELF = YES;
				CLANG_WARN_OBJC_LITERAL_CONVERSION = YES;
				CLANG_WARN_OBJC_ROOT_CLASS = YES_ERROR;
				CLANG_WARN_QUOTED_INCLUDE_IN_FRAMEWORK_HEADER = YES;
				CLANG_WARN_RANGE_LOOP_ANALYSIS = YES;
				CLANG_WARN_STRICT_PROTOTYPES = YES;
				CLANG_WARN_SUSPICIOUS_MOVE = YES;
				CLANG_WARN_UNGUARDED_AVAILABILITY = YES_AGGRESSIVE;
				CLANG_WARN_UNREACHABLE_CODE = YES;
				CLANG_WARN__DUPLICATE_METHOD_MATCH = YES;
				COPY_PHASE_STRIP = NO;
				DEBUG_INFORMATION_FORMAT = dwarf;
				ENABLE_STRICT_OBJC_MSGSEND = YES;
				ENABLE_TESTABILITY = YES;
				GCC_C_LANGUAGE_STANDARD = gnu11;
				GCC_DYNAMIC_NO_PIC = NO;
				GCC_NO_COMMON_BLOCKS = YES;
				GCC_OPTIMIZATION_LEVEL = 0;
				GCC_PREPROCESSOR_DEFINITIONS = (
					"DEBUG=1",
					"$(inherited)",
				);
				GCC_WARN_64_TO_32_BIT_CONVERSION = YES;
				GCC_WARN_ABOUT_RETURN_TYPE = YES_ERROR;
				GCC_WARN_UNDECLARED_SELECTOR = YES;
				GCC_WARN_UNINITIALIZED_AUTOS = YES_AGGRESSIVE;
				GCC_WARN_UNUSED_FUNCTION = YES;
				GCC_WARN_UNUSED_VARIABLE = YES;
				IPHONEOS_DEPLOYMENT_TARGET = 15.5;
				MTL_ENABLE_DEBUG_INFO = INCLUDE_SOURCE;
				MTL_FAST_MATH = YES;
				ONLY_ACTIVE_ARCH = YES;
				SDKROOT = iphoneos;
				SWIFT_ACTIVE_COMPILATION_CONDITIONS = DEBUG;
				SWIFT_OPTIMIZATION_LEVEL = "-Onone";
			};
			name = Debug;
		};
		A9CBA4CC28CD669B004AA96D /* Release */ = {
			isa = XCBuildConfiguration;
			buildSettings = {
				ALWAYS_SEARCH_USER_PATHS = NO;
				CLANG_ANALYZER_NONNULL = YES;
				CLANG_ANALYZER_NUMBER_OBJECT_CONVERSION = YES_AGGRESSIVE;
				CLANG_CXX_LANGUAGE_STANDARD = "gnu++17";
				CLANG_ENABLE_MODULES = YES;
				CLANG_ENABLE_OBJC_ARC = YES;
				CLANG_ENABLE_OBJC_WEAK = YES;
				CLANG_WARN_BLOCK_CAPTURE_AUTORELEASING = YES;
				CLANG_WARN_BOOL_CONVERSION = YES;
				CLANG_WARN_COMMA = YES;
				CLANG_WARN_CONSTANT_CONVERSION = YES;
				CLANG_WARN_DEPRECATED_OBJC_IMPLEMENTATIONS = YES;
				CLANG_WARN_DIRECT_OBJC_ISA_USAGE = YES_ERROR;
				CLANG_WARN_DOCUMENTATION_COMMENTS = YES;
				CLANG_WARN_EMPTY_BODY = YES;
				CLANG_WARN_ENUM_CONVERSION = YES;
				CLANG_WARN_INFINITE_RECURSION = YES;
				CLANG_WARN_INT_CONVERSION = YES;
				CLANG_WARN_NON_LITERAL_NULL_CONVERSION = YES;
				CLANG_WARN_OBJC_IMPLICIT_RETAIN_SELF = YES;
				CLANG_WARN_OBJC_LITERAL_CONVERSION = YES;
				CLANG_WARN_OBJC_ROOT_CLASS = YES_ERROR;
				CLANG_WARN_QUOTED_INCLUDE_IN_FRAMEWORK_HEADER = YES;
				CLANG_WARN_RANGE_LOOP_ANALYSIS = YES;
				CLANG_WARN_STRICT_PROTOTYPES = YES;
				CLANG_WARN_SUSPICIOUS_MOVE = YES;
				CLANG_WARN_UNGUARDED_AVAILABILITY = YES_AGGRESSIVE;
				CLANG_WARN_UNREACHABLE_CODE = YES;
				CLANG_WARN__DUPLICATE_METHOD_MATCH = YES;
				COPY_PHASE_STRIP = NO;
				DEBUG_INFORMATION_FORMAT = "dwarf-with-dsym";
				ENABLE_NS_ASSERTIONS = NO;
				ENABLE_STRICT_OBJC_MSGSEND = YES;
				GCC_C_LANGUAGE_STANDARD = gnu11;
				GCC_NO_COMMON_BLOCKS = YES;
				GCC_WARN_64_TO_32_BIT_CONVERSION = YES;
				GCC_WARN_ABOUT_RETURN_TYPE = YES_ERROR;
				GCC_WARN_UNDECLARED_SELECTOR = YES;
				GCC_WARN_UNINITIALIZED_AUTOS = YES_AGGRESSIVE;
				GCC_WARN_UNUSED_FUNCTION = YES;
				GCC_WARN_UNUSED_VARIABLE = YES;
				IPHONEOS_DEPLOYMENT_TARGET = 15.5;
				MTL_ENABLE_DEBUG_INFO = NO;
				MTL_FAST_MATH = YES;
				SDKROOT = iphoneos;
				SWIFT_COMPILATION_MODE = wholemodule;
				SWIFT_OPTIMIZATION_LEVEL = "-O";
				VALIDATE_PRODUCT = YES;
			};
			name = Release;
		};
		A9CBA4CE28CD669B004AA96D /* Debug */ = {
			isa = XCBuildConfiguration;
			buildSettings = {
				ASSETCATALOG_COMPILER_APPICON_NAME = AppIcon;
				ASSETCATALOG_COMPILER_GLOBAL_ACCENT_COLOR_NAME = AccentColor;
				CODE_SIGN_STYLE = Automatic;
				CURRENT_PROJECT_VERSION = 1;
				DEVELOPMENT_TEAM = EYUFU439NW;
				GENERATE_INFOPLIST_FILE = YES;
				INFOPLIST_FILE = Light/Info.plist;
				INFOPLIST_KEY_UIApplicationSupportsIndirectInputEvents = YES;
				INFOPLIST_KEY_UILaunchStoryboardName = LaunchScreen;
				INFOPLIST_KEY_UIMainStoryboardFile = Main;
				INFOPLIST_KEY_UISupportedInterfaceOrientations_iPad = "UIInterfaceOrientationPortrait UIInterfaceOrientationPortraitUpsideDown UIInterfaceOrientationLandscapeLeft UIInterfaceOrientationLandscapeRight";
				INFOPLIST_KEY_UISupportedInterfaceOrientations_iPhone = "UIInterfaceOrientationPortrait UIInterfaceOrientationLandscapeLeft UIInterfaceOrientationLandscapeRight";
				LD_RUNPATH_SEARCH_PATHS = (
					"$(inherited)",
					"@executable_path/Frameworks",
				);
				MARKETING_VERSION = 1.0;
				PRODUCT_BUNDLE_IDENTIFIER = com.therootuser.Light;
				PRODUCT_NAME = "$(TARGET_NAME)";
				SWIFT_EMIT_LOC_STRINGS = YES;
				SWIFT_VERSION = 5.0;
				TARGETED_DEVICE_FAMILY = "1,2";
			};
			name = Debug;
		};
		A9CBA4CF28CD669B004AA96D /* Release */ = {
			isa = XCBuildConfiguration;
			buildSettings = {
				ASSETCATALOG_COMPILER_APPICON_NAME = AppIcon;
				ASSETCATALOG_COMPILER_GLOBAL_ACCENT_COLOR_NAME = AccentColor;
				CODE_SIGN_STYLE = Automatic;
				CURRENT_PROJECT_VERSION = 1;
				DEVELOPMENT_TEAM = EYUFU439NW;
				GENERATE_INFOPLIST_FILE = YES;
				INFOPLIST_FILE = Light/Info.plist;
				INFOPLIST_KEY_UIApplicationSupportsIndirectInputEvents = YES;
				INFOPLIST_KEY_UILaunchStoryboardName = LaunchScreen;
				INFOPLIST_KEY_UIMainStoryboardFile = Main;
				INFOPLIST_KEY_UISupportedInterfaceOrientations_iPad = "UIInterfaceOrientationPortrait UIInterfaceOrientationPortraitUpsideDown UIInterfaceOrientationLandscapeLeft UIInterfaceOrientationLandscapeRight";
				INFOPLIST_KEY_UISupportedInterfaceOrientations_iPhone = "UIInterfaceOrientationPortrait UIInterfaceOrientationLandscapeLeft UIInterfaceOrientationLandscapeRight";
				LD_RUNPATH_SEARCH_PATHS = (
					"$(inherited)",
					"@executable_path/Frameworks",
				);
				MARKETING_VERSION = 1.0;
				PRODUCT_BUNDLE_IDENTIFIER = com.therootuser.Light;
				PRODUCT_NAME = "$(TARGET_NAME)";
				SWIFT_EMIT_LOC_STRINGS = YES;
				SWIFT_VERSION = 5.0;
				TARGETED_DEVICE_FAMILY = "1,2";
			};
			name = Release;
		};
		A9CBA4D128CD669B004AA96D /* Debug */ = {
			isa = XCBuildConfiguration;
			buildSettings = {
				ALWAYS_EMBED_SWIFT_STANDARD_LIBRARIES = YES;
				BUNDLE_LOADER = "$(TEST_HOST)";
				CODE_SIGN_STYLE = Automatic;
				CURRENT_PROJECT_VERSION = 1;
				DEVELOPMENT_TEAM = EYUFU439NW;
				GENERATE_INFOPLIST_FILE = YES;
				IPHONEOS_DEPLOYMENT_TARGET = 15.5;
				MARKETING_VERSION = 1.0;
				PRODUCT_BUNDLE_IDENTIFIER = com.therootuser.LightTests;
				PRODUCT_NAME = "$(TARGET_NAME)";
				SWIFT_EMIT_LOC_STRINGS = NO;
				SWIFT_VERSION = 5.0;
				TARGETED_DEVICE_FAMILY = "1,2";
				TEST_HOST = "$(BUILT_PRODUCTS_DIR)/Light.app/Light";
			};
			name = Debug;
		};
		A9CBA4D228CD669B004AA96D /* Release */ = {
			isa = XCBuildConfiguration;
			buildSettings = {
				ALWAYS_EMBED_SWIFT_STANDARD_LIBRARIES = YES;
				BUNDLE_LOADER = "$(TEST_HOST)";
				CODE_SIGN_STYLE = Automatic;
				CURRENT_PROJECT_VERSION = 1;
				DEVELOPMENT_TEAM = EYUFU439NW;
				GENERATE_INFOPLIST_FILE = YES;
				IPHONEOS_DEPLOYMENT_TARGET = 15.5;
				MARKETING_VERSION = 1.0;
				PRODUCT_BUNDLE_IDENTIFIER = com.therootuser.LightTests;
				PRODUCT_NAME = "$(TARGET_NAME)";
				SWIFT_EMIT_LOC_STRINGS = NO;
				SWIFT_VERSION = 5.0;
				TARGETED_DEVICE_FAMILY = "1,2";
				TEST_HOST = "$(BUILT_PRODUCTS_DIR)/Light.app/Light";
			};
			name = Release;
		};
		A9CBA4D428CD669B004AA96D /* Debug */ = {
			isa = XCBuildConfiguration;
			buildSettings = {
				ALWAYS_EMBED_SWIFT_STANDARD_LIBRARIES = YES;
				CODE_SIGN_STYLE = Automatic;
				CURRENT_PROJECT_VERSION = 1;
				DEVELOPMENT_TEAM = EYUFU439NW;
				GENERATE_INFOPLIST_FILE = YES;
				MARKETING_VERSION = 1.0;
				PRODUCT_BUNDLE_IDENTIFIER = com.therootuser.LightUITests;
				PRODUCT_NAME = "$(TARGET_NAME)";
				SWIFT_EMIT_LOC_STRINGS = NO;
				SWIFT_VERSION = 5.0;
				TARGETED_DEVICE_FAMILY = "1,2";
				TEST_TARGET_NAME = Light;
			};
			name = Debug;
		};
		A9CBA4D528CD669B004AA96D /* Release */ = {
			isa = XCBuildConfiguration;
			buildSettings = {
				ALWAYS_EMBED_SWIFT_STANDARD_LIBRARIES = YES;
				CODE_SIGN_STYLE = Automatic;
				CURRENT_PROJECT_VERSION = 1;
				DEVELOPMENT_TEAM = EYUFU439NW;
				GENERATE_INFOPLIST_FILE = YES;
				MARKETING_VERSION = 1.0;
				PRODUCT_BUNDLE_IDENTIFIER = com.therootuser.LightUITests;
				PRODUCT_NAME = "$(TARGET_NAME)";
				SWIFT_EMIT_LOC_STRINGS = NO;
				SWIFT_VERSION = 5.0;
				TARGETED_DEVICE_FAMILY = "1,2";
				TEST_TARGET_NAME = Light;
			};
			name = Release;
		};
/* End XCBuildConfiguration section */

/* Begin XCConfigurationList section */
		A9CBA49E28CD669A004AA96D /* Build configuration list for PBXProject "Light" */ = {
			isa = XCConfigurationList;
			buildConfigurations = (
				A9CBA4CB28CD669B004AA96D /* Debug */,
				A9CBA4CC28CD669B004AA96D /* Release */,
			);
			defaultConfigurationIsVisible = 0;
			defaultConfigurationName = Release;
		};
		A9CBA4CD28CD669B004AA96D /* Build configuration list for PBXNativeTarget "Light" */ = {
			isa = XCConfigurationList;
			buildConfigurations = (
				A9CBA4CE28CD669B004AA96D /* Debug */,
				A9CBA4CF28CD669B004AA96D /* Release */,
			);
			defaultConfigurationIsVisible = 0;
			defaultConfigurationName = Release;
		};
		A9CBA4D028CD669B004AA96D /* Build configuration list for PBXNativeTarget "LightTests" */ = {
			isa = XCConfigurationList;
			buildConfigurations = (
				A9CBA4D128CD669B004AA96D /* Debug */,
				A9CBA4D228CD669B004AA96D /* Release */,
			);
			defaultConfigurationIsVisible = 0;
			defaultConfigurationName = Release;
		};
		A9CBA4D328CD669B004AA96D /* Build configuration list for PBXNativeTarget "LightUITests" */ = {
			isa = XCConfigurationList;
			buildConfigurations = (
				A9CBA4D428CD669B004AA96D /* Debug */,
				A9CBA4D528CD669B004AA96D /* Release */,
			);
			defaultConfigurationIsVisible = 0;
			defaultConfigurationName = Release;
		};
/* End XCConfigurationList section */
	};
	rootObject = A9CBA49B28CD669A004AA96D /* Project object */;
}
